
Microsoft Visual Studio Solution File, Format Version 12.00
# Visual Studio Version 16
VisualStudioVersion = 16.0.31025.194
MinimumVisualStudioVersion = 10.0.40219.1
Project("{FAE04EC0-301F-11D3-BF4B-00C04F79EFBC}") = "KodPatika4", "KodPatika4\KodPatika4.csproj", "{91E312BF-C743-4443-86A4-92219005631C}"
EndProject
Global
	GlobalSection(SolutionConfigurationPlatforms) = preSolution
		Debug|Any CPU = Debug|Any CPU
		Release|Any CPU = Release|Any CPU
	EndGlobalSection
	GlobalSection(ProjectConfigurationPlatforms) = postSolution
		{91E312BF-C743-4443-86A4-92219005631C}.Debug|Any CPU.ActiveCfg = Debug|Any CPU
		{91E312BF-C743-4443-86A4-92219005631C}.Debug|Any CPU.Build.0 = Debug|Any CPU
		{91E312BF-C743-4443-86A4-92219005631C}.Release|Any CPU.ActiveCfg = Release|Any CPU
		{91E312BF-C743-4443-86A4-92219005631C}.Release|Any CPU.Build.0 = Release|Any CPU
	EndGlobalSection
	GlobalSection(SolutionProperties) = preSolution
		HideSolutionNode = FALSE
	EndGlobalSection
	GlobalSection(ExtensibilityGlobals) = postSolution
		SolutionGuid = {AF4EE610-B82A-46ED-B829-ACEB1AF00C17}
	EndGlobalSection
EndGlobal
